{
  "name": "random_messages_axe",
  "version": "1.0.1",
  "lockfileVersion": 2,
  "requires": true,
  "packages": {
    "": {
      "name": "random_messages_axe",
      "version": "1.0.1",
      "license": "MIT",
      "dependencies": {
        "cosmos-messages": "^1.0.4"
      },
      "bin": {
        "random-msg": "bin/global.js"
      }
    },
    "node_modules/cosmos-messages": {
      "version": "1.0.4",
      "resolved": "https://registry.npmjs.org/cosmos-messages/-/cosmos-messages-1.0.4.tgz",
      "integrity": "sha512-4EHiJcklCJGelHGnNV5/0XrjMZgPv748bYEXPW04RCsimBRT7khCc4Eenjz0MPRoY2gAme045Cv6liw+BpBanQ==",
      "bin": {
        "cosmos-msg": "bin/global.js"
      }
    }
  },
  "dependencies": {
    "cosmos-messages": {
      "version": "1.0.4",
      "resolved": "https://registry.npmjs.org/cosmos-messages/-/cosmos-messages-1.0.4.tgz",
      "integrity": "sha512-4EHiJcklCJGelHGnNV5/0XrjMZgPv748bYEXPW04RCsimBRT7khCc4Eenjz0MPRoY2gAme045Cv6liw+BpBanQ=="
    }
  }
}
